# THIS IS AN AUTOGENERATED FILE. DO NOT EDIT THIS FILE DIRECTLY.
# yarn lockfile v1


create-next-app@^13.4.7:
  version "13.4.7"
  resolved "https://registry.yarnpkg.com/create-next-app/-/create-next-app-13.4.7.tgz#fda3eae958b6b34df4cbd105ac6a45fbf8679069"
  integrity sha512-lnxEMVdxhmBZYbOVMi56rBih4/Z/fxmUXkYAaT7Zld2XtftIUgofavOllbaWN9XTMUgwqdQ0w362enpJ2kYQUA==

create-vite@^4.3.2:
  version "4.3.2"
  resolved "https://registry.yarnpkg.com/create-vite/-/create-vite-4.3.2.tgz#c4abb0a29611e51af6abc2fdc3479d1cfc8ce489"
  integrity sha512-06SE3okEJD9r792cY1ZvtNVZgiVx8+mrx4Vfph8+GTVjwStAc4noSEvBLy9CJaeAVhpKBWBbc3Wzl1gUoScVvA==
